dependencies:
- name: mysql-operator
  repository: https://helm-charts.bitpoke.io
  version: 0.6.2
- name: wordpress-operator
  repository: https://helm-charts.bitpoke.io
  version: 0.12.1
- name: ingress-nginx
  repository: https://kubernetes.github.io/ingress-nginx
  version: 4.0.8
- name: git-webhook
  repository: file://../git-webhook
  version: 0.0.1+master
digest: sha256:477c992cbc2c8ae44f319dc92005f06b2b0b892261a0e35ef1ab9ce34b5dddbc
generated: "2021-12-28T22:12:37.930314+02:00"
