dependencies:
- name: mysql-operator
  repository: https://presslabs.github.io/charts/
  version: 0.4.0
- name: wordpress-operator
  repository: https://presslabs.github.io/charts/
  version: 0.10.3
- name: nginx-ingress
  repository: https://kubernetes-charts.storage.googleapis.com/
  version: 1.40.3
- name: prometheus-operator
  repository: https://kubernetes-charts.storage.googleapis.com/
  version: 9.1.0
- name: git-webhook
  repository: file://../git-webhook
  version: 0.0.1+master
digest: sha256:2ed5d34bfdf1d85a00f9ac5b32534094e1d299d150acebd35ef8d861f4e40021
generated: "2020-08-04T15:43:29.884765038+03:00"
