dependencies:
- name: mysql-operator
  repository: https://presslabs.github.io/charts/
  version: 0.4.0
- name: wordpress-operator
  repository: https://presslabs.github.io/charts/
  version: 0.9.1
- name: nginx-ingress
  repository: https://kubernetes-charts.storage.googleapis.com/
  version: 1.40.1
- name: cert-manager
  repository: https://charts.jetstack.io
  version: v0.15.1
- name: prometheus-operator
  repository: https://kubernetes-charts.storage.googleapis.com/
  version: 8.15.5
- name: git-webhook
  repository: file://../git-webhook
  version: 0.0.1+master
digest: sha256:7df9248c965a0415c286197cf3ea2d6e2dd1e2ddb50aa3ba4dcb39b3f597133b
generated: "2020-06-18T13:18:24.927199191+03:00"
