dependencies:
- name: mysql-operator
  repository: https://presslabs.github.io/charts/
  version: 0.4.0
- name: wordpress-operator
  repository: https://presslabs.github.io/charts/
  version: 0.10.5
- name: nginx-ingress
  repository: https://kubernetes-charts.storage.googleapis.com/
  version: 1.40.3
- name: prometheus-operator
  repository: https://kubernetes-charts.storage.googleapis.com/
  version: 9.1.0
- name: git-webhook
  repository: file://../git-webhook
  version: 0.0.1+master
digest: sha256:578e4e2f2e3be8ae7cc2b55bf232e9592241f73794fe467ed787ed50c0c4cbef
generated: "2020-09-07T09:33:01.038340593+03:00"
