dependencies:
- name: mysql-operator
  repository: https://presslabs.github.io/charts/
  version: 0.2.4
- name: wordpress-operator
  repository: https://presslabs.github.io/charts/
  version: v0.2.9
- name: nginx-ingress
  repository: https://kubernetes-charts.storage.googleapis.com/
  version: 1.3.0
- name: cert-manager
  repository: https://kubernetes-charts.storage.googleapis.com/
  version: v0.6.0
- name: prometheus-operator
  repository: https://kubernetes-charts.storage.googleapis.com/
  version: 2.2.2
digest: sha256:8560b23d96578736568d1bd899ea1cc1039e3d0754b112745f5f71fc48314946
generated: 2019-02-15T21:35:57.960401+02:00
